
Microsoft Visual Studio Solution File, Format Version 12.00
# Visual Studio Version 17
VisualStudioVersion = 17.2.32616.157
MinimumVisualStudioVersion = 10.0.40219.1
Project("{FAE04EC0-301F-11D3-BF4B-00C04F79EFBC}") = "LcMusicInstrumentShop", "LcMusicInstrumentShop\LcMusicInstrumentShop.csproj", "{37754C90-4191-4DE6-BCCD-85162FD95951}"
EndProject
Global
	GlobalSection(SolutionConfigurationPlatforms) = preSolution
		Debug|Any CPU = Debug|Any CPU
		Release|Any CPU = Release|Any CPU
	EndGlobalSection
	GlobalSection(ProjectConfigurationPlatforms) = postSolution
		{37754C90-4191-4DE6-BCCD-85162FD95951}.Debug|Any CPU.ActiveCfg = Debug|Any CPU
		{37754C90-4191-4DE6-BCCD-85162FD95951}.Debug|Any CPU.Build.0 = Debug|Any CPU
		{37754C90-4191-4DE6-BCCD-85162FD95951}.Release|Any CPU.ActiveCfg = Release|Any CPU
		{37754C90-4191-4DE6-BCCD-85162FD95951}.Release|Any CPU.Build.0 = Release|Any CPU
	EndGlobalSection
	GlobalSection(SolutionProperties) = preSolution
		HideSolutionNode = FALSE
	EndGlobalSection
	GlobalSection(ExtensibilityGlobals) = postSolution
		SolutionGuid = {C7337F03-979B-4913-9DCE-E8265789B092}
	EndGlobalSection
EndGlobal
